<?xml version="1.0" encoding="utf-8"?>
<Project ToolsVersion="4.0" xmlns="http://schemas.microsoft.com/developer/msbuild/2003">
  <ItemGroup>
    <Filter Include="src">
      <UniqueIdentifier>{ac236110-941d-4bd2-bb8d-d492e48afc49}</UniqueIdentifier>
    </Filter>
    <Filter Include="demo">
      <UniqueIdentifier>{3d155b8f-901a-4942-bccd-379b8f506f5d}</UniqueIdentifier>
    </Filter>
    <Filter Include="include">
      <UniqueIdentifier>{49797c31-34a1-4598-97f2-d096009a53d5}</UniqueIdentifier>
    </Filter>
  </ItemGroup>
  <ItemGroup>
    <ClCompile Include="src\mini_firestore.cpp">
      <Filter>src</Filter>
    </ClCompile>
    <ClCompile Include="demo\demo_mini_firestore.cpp">
      <Filter>demo</Filter>
    </ClCompile>
  </ItemGroup>
  <ItemGroup>
    <ClInclude Include="include\mini_firestore\mini_firestore.h">
      <Filter>include</Filter>
    </ClInclude>
    <ClInclude Include="demo\demo_credentials.h">
      <Filter>demo</Filter>
    </ClInclude>
  </ItemGroup>
</Project>